
Microsoft Visual Studio Solution File, Format Version 12.00
# Visual Studio Version 17
VisualStudioVersion = 17.2.32516.85
MinimumVisualStudioVersion = 10.0.40219.1
Project("{FAE04EC0-301F-11D3-BF4B-00C04F79EFBC}") = "WAPP-InsideAirBnB.Server", "Server\WAPP-InsideAirBnB.Server.csproj", "{1657D96B-8BEC-4C1B-866D-B824ADFB4CA3}"
EndProject
Project("{FAE04EC0-301F-11D3-BF4B-00C04F79EFBC}") = "WAPP-InsideAirBnB.Client", "Client\WAPP-InsideAirBnB.Client.csproj", "{90281E41-9467-4BD0-9DF8-D3DD84CA5419}"
EndProject
Project("{FAE04EC0-301F-11D3-BF4B-00C04F79EFBC}") = "WAPP-InsideAirBnB.Shared", "Shared\WAPP-InsideAirBnB.Shared.csproj", "{89080A5F-7EBD-4D74-A659-8973B31BD157}"
EndProject
Global
	GlobalSection(SolutionConfigurationPlatforms) = preSolution
		Debug|Any CPU = Debug|Any CPU
		Release|Any CPU = Release|Any CPU
	EndGlobalSection
	GlobalSection(ProjectConfigurationPlatforms) = postSolution
		{1657D96B-8BEC-4C1B-866D-B824ADFB4CA3}.Debug|Any CPU.ActiveCfg = Debug|Any CPU
		{1657D96B-8BEC-4C1B-866D-B824ADFB4CA3}.Debug|Any CPU.Build.0 = Debug|Any CPU
		{1657D96B-8BEC-4C1B-866D-B824ADFB4CA3}.Release|Any CPU.ActiveCfg = Release|Any CPU
		{1657D96B-8BEC-4C1B-866D-B824ADFB4CA3}.Release|Any CPU.Build.0 = Release|Any CPU
		{90281E41-9467-4BD0-9DF8-D3DD84CA5419}.Debug|Any CPU.ActiveCfg = Debug|Any CPU
		{90281E41-9467-4BD0-9DF8-D3DD84CA5419}.Debug|Any CPU.Build.0 = Debug|Any CPU
		{90281E41-9467-4BD0-9DF8-D3DD84CA5419}.Release|Any CPU.ActiveCfg = Release|Any CPU
		{90281E41-9467-4BD0-9DF8-D3DD84CA5419}.Release|Any CPU.Build.0 = Release|Any CPU
		{89080A5F-7EBD-4D74-A659-8973B31BD157}.Debug|Any CPU.ActiveCfg = Debug|Any CPU
		{89080A5F-7EBD-4D74-A659-8973B31BD157}.Debug|Any CPU.Build.0 = Debug|Any CPU
		{89080A5F-7EBD-4D74-A659-8973B31BD157}.Release|Any CPU.ActiveCfg = Release|Any CPU
		{89080A5F-7EBD-4D74-A659-8973B31BD157}.Release|Any CPU.Build.0 = Release|Any CPU
	EndGlobalSection
	GlobalSection(SolutionProperties) = preSolution
		HideSolutionNode = FALSE
	EndGlobalSection
	GlobalSection(ExtensibilityGlobals) = postSolution
		SolutionGuid = {C56922E6-6696-4B19-8523-A10AA4EF013F}
	EndGlobalSection
EndGlobal
